
Microsoft Visual Studio Solution File, Format Version 12.00
# Visual Studio Version 17
VisualStudioVersion = 17.3.32929.385
MinimumVisualStudioVersion = 10.0.40219.1
Project("{F184B08F-C81C-45F6-A57F-5ABD9991F28F}") = "DB Practice", "DB Practice\DB Practice.vbproj", "{81E669E4-6D86-4CFD-9E20-BD7FB7EED6F8}"
EndProject
Global
	GlobalSection(SolutionConfigurationPlatforms) = preSolution
		Debug|Any CPU = Debug|Any CPU
		Release|Any CPU = Release|Any CPU
	EndGlobalSection
	GlobalSection(ProjectConfigurationPlatforms) = postSolution
		{81E669E4-6D86-4CFD-9E20-BD7FB7EED6F8}.Debug|Any CPU.ActiveCfg = Debug|Any CPU
		{81E669E4-6D86-4CFD-9E20-BD7FB7EED6F8}.Debug|Any CPU.Build.0 = Debug|Any CPU
		{81E669E4-6D86-4CFD-9E20-BD7FB7EED6F8}.Release|Any CPU.ActiveCfg = Release|Any CPU
		{81E669E4-6D86-4CFD-9E20-BD7FB7EED6F8}.Release|Any CPU.Build.0 = Release|Any CPU
	EndGlobalSection
	GlobalSection(SolutionProperties) = preSolution
		HideSolutionNode = FALSE
	EndGlobalSection
	GlobalSection(ExtensibilityGlobals) = postSolution
		SolutionGuid = {6C662146-C608-4CB7-95E0-887FD9A8B2E3}
	EndGlobalSection
EndGlobal
